
Microsoft Visual Studio Solution File, Format Version 12.00
# Visual Studio Version 17
VisualStudioVersion = 17.5.33414.496
MinimumVisualStudioVersion = 10.0.40219.1
Project("{FAE04EC0-301F-11D3-BF4B-00C04F79EFBC}") = "LongestCommonPrefix", "LongestCommonPrefix\LongestCommonPrefix.csproj", "{640FC3B5-B506-451E-B28F-31D2DC0BCEF1}"
EndProject
Global
	GlobalSection(SolutionConfigurationPlatforms) = preSolution
		Debug|Any CPU = Debug|Any CPU
		Release|Any CPU = Release|Any CPU
	EndGlobalSection
	GlobalSection(ProjectConfigurationPlatforms) = postSolution
		{640FC3B5-B506-451E-B28F-31D2DC0BCEF1}.Debug|Any CPU.ActiveCfg = Debug|Any CPU
		{640FC3B5-B506-451E-B28F-31D2DC0BCEF1}.Debug|Any CPU.Build.0 = Debug|Any CPU
		{640FC3B5-B506-451E-B28F-31D2DC0BCEF1}.Release|Any CPU.ActiveCfg = Release|Any CPU
		{640FC3B5-B506-451E-B28F-31D2DC0BCEF1}.Release|Any CPU.Build.0 = Release|Any CPU
	EndGlobalSection
	GlobalSection(SolutionProperties) = preSolution
		HideSolutionNode = FALSE
	EndGlobalSection
	GlobalSection(ExtensibilityGlobals) = postSolution
		SolutionGuid = {C040C973-CBA5-4548-BE3F-CF2EC739AE91}
	EndGlobalSection
EndGlobal
